// !$*UTF8*$!
{
	archiveVersion = 1;
	classes = {
	};
	objectVersion = 55;
	objects = {

/* Begin PBXBuildFile section */
		30A69B16FB315DAC01D690DC /* Pods_Cosmetics.framework in Frameworks */ = {isa = PBXBuildFile; fileRef = 56B1B1417AC7F14F84A36392 /* Pods_Cosmetics.framework */; };
		EA356EE12756282900026247 /* AppDelegate.swift in Sources */ = {isa = PBXBuildFile; fileRef = EA356EE02756282900026247 /* AppDelegate.swift */; };
		EA356EE32756282900026247 /* SceneDelegate.swift in Sources */ = {isa = PBXBuildFile; fileRef = EA356EE22756282900026247 /* SceneDelegate.swift */; };
		EA356EEA2756282A00026247 /* Assets.xcassets in Resources */ = {isa = PBXBuildFile; fileRef = EA356EE92756282A00026247 /* Assets.xcassets */; };
		EA356EED2756282A00026247 /* LaunchScreen.storyboard in Resources */ = {isa = PBXBuildFile; fileRef = EA356EEB2756282A00026247 /* LaunchScreen.storyboard */; };
		EA356EF52756288D00026247 /* Main.storyboard in Resources */ = {isa = PBXBuildFile; fileRef = EA356EF42756288D00026247 /* Main.storyboard */; };
		EA356EF727562ABE00026247 /* CustomTableViewCell.swift in Sources */ = {isa = PBXBuildFile; fileRef = EA356EF627562ABE00026247 /* CustomTableViewCell.swift */; };
		EA356EF927562B2D00026247 /* NetworkManager.swift in Sources */ = {isa = PBXBuildFile; fileRef = EA356EF827562B2D00026247 /* NetworkManager.swift */; };
		EA356EFB27562BBB00026247 /* MakeUpListViewController.swift in Sources */ = {isa = PBXBuildFile; fileRef = EA356EFA27562BBB00026247 /* MakeUpListViewController.swift */; };
		EA356EFD27562CC800026247 /* DetailViewController.swift in Sources */ = {isa = PBXBuildFile; fileRef = EA356EFC27562CC800026247 /* DetailViewController.swift */; };
		EA356F042756337D00026247 /* Cosmetics.swift in Sources */ = {isa = PBXBuildFile; fileRef = EA356F032756337D00026247 /* Cosmetics.swift */; };
/* End PBXBuildFile section */

/* Begin PBXFileReference section */
		56B1B1417AC7F14F84A36392 /* Pods_Cosmetics.framework */ = {isa = PBXFileReference; explicitFileType = wrapper.framework; includeInIndex = 0; path = Pods_Cosmetics.framework; sourceTree = BUILT_PRODUCTS_DIR; };
		9AC0926E7681A27F211233B8 /* Pods-Cosmetics.release.xcconfig */ = {isa = PBXFileReference; includeInIndex = 1; lastKnownFileType = text.xcconfig; name = "Pods-Cosmetics.release.xcconfig"; path = "Target Support Files/Pods-Cosmetics/Pods-Cosmetics.release.xcconfig"; sourceTree = "<group>"; };
		AA4AC7D777A9F4A24D4464CB /* Pods-Cosmetics.debug.xcconfig */ = {isa = PBXFileReference; includeInIndex = 1; lastKnownFileType = text.xcconfig; name = "Pods-Cosmetics.debug.xcconfig"; path = "Target Support Files/Pods-Cosmetics/Pods-Cosmetics.debug.xcconfig"; sourceTree = "<group>"; };
		EA356EDD2756282900026247 /* Cosmetics.app */ = {isa = PBXFileReference; explicitFileType = wrapper.application; includeInIndex = 0; path = Cosmetics.app; sourceTree = BUILT_PRODUCTS_DIR; };
		EA356EE02756282900026247 /* AppDelegate.swift */ = {isa = PBXFileReference; lastKnownFileType = sourcecode.swift; path = AppDelegate.swift; sourceTree = "<group>"; };
		EA356EE22756282900026247 /* SceneDelegate.swift */ = {isa = PBXFileReference; lastKnownFileType = sourcecode.swift; path = SceneDelegate.swift; sourceTree = "<group>"; };
		EA356EE92756282A00026247 /* Assets.xcassets */ = {isa = PBXFileReference; lastKnownFileType = folder.assetcatalog; path = Assets.xcassets; sourceTree = "<group>"; };
		EA356EEC2756282A00026247 /* Base */ = {isa = PBXFileReference; lastKnownFileType = file.storyboard; name = Base; path = Base.lproj/LaunchScreen.storyboard; sourceTree = "<group>"; };
		EA356EEE2756282A00026247 /* Info.plist */ = {isa = PBXFileReference; lastKnownFileType = text.plist.xml; path = Info.plist; sourceTree = "<group>"; };
		EA356EF42756288D00026247 /* Main.storyboard */ = {isa = PBXFileReference; lastKnownFileType = file.storyboard; path = Main.storyboard; sourceTree = "<group>"; };
		EA356EF627562ABE00026247 /* CustomTableViewCell.swift */ = {isa = PBXFileReference; lastKnownFileType = sourcecode.swift; path = CustomTableViewCell.swift; sourceTree = "<group>"; };
		EA356EF827562B2D00026247 /* NetworkManager.swift */ = {isa = PBXFileReference; lastKnownFileType = sourcecode.swift; path = NetworkManager.swift; sourceTree = "<group>"; };
		EA356EFA27562BBB00026247 /* MakeUpListViewController.swift */ = {isa = PBXFileReference; lastKnownFileType = sourcecode.swift; path = MakeUpListViewController.swift; sourceTree = "<group>"; };
		EA356EFC27562CC800026247 /* DetailViewController.swift */ = {isa = PBXFileReference; lastKnownFileType = sourcecode.swift; path = DetailViewController.swift; sourceTree = "<group>"; };
		EA356F032756337D00026247 /* Cosmetics.swift */ = {isa = PBXFileReference; lastKnownFileType = sourcecode.swift; path = Cosmetics.swift; sourceTree = "<group>"; };
/* End PBXFileReference section */

/* Begin PBXFrameworksBuildPhase section */
		EA356EDA2756282900026247 /* Frameworks */ = {
			isa = PBXFrameworksBuildPhase;
			buildActionMask = 2147483647;
			files = (
				30A69B16FB315DAC01D690DC /* Pods_Cosmetics.framework in Frameworks */,
			);
			runOnlyForDeploymentPostprocessing = 0;
		};
/* End PBXFrameworksBuildPhase section */

/* Begin PBXGroup section */
		AE93C8A645F9A6CF2765CABB /* Frameworks */ = {
			isa = PBXGroup;
			children = (
				56B1B1417AC7F14F84A36392 /* Pods_Cosmetics.framework */,
			);
			name = Frameworks;
			sourceTree = "<group>";
		};
		DAAFE3F047E6AF668A512400 /* Pods */ = {
			isa = PBXGroup;
			children = (
				AA4AC7D777A9F4A24D4464CB /* Pods-Cosmetics.debug.xcconfig */,
				9AC0926E7681A27F211233B8 /* Pods-Cosmetics.release.xcconfig */,
			);
			name = Pods;
			path = Pods;
			sourceTree = "<group>";
		};
		EA356ED42756282900026247 = {
			isa = PBXGroup;
			children = (
				EA356EDF2756282900026247 /* Cosmetics */,
				EA356EDE2756282900026247 /* Products */,
				DAAFE3F047E6AF668A512400 /* Pods */,
				AE93C8A645F9A6CF2765CABB /* Frameworks */,
			);
			sourceTree = "<group>";
		};
		EA356EDE2756282900026247 /* Products */ = {
			isa = PBXGroup;
			children = (
				EA356EDD2756282900026247 /* Cosmetics.app */,
			);
			name = Products;
			sourceTree = "<group>";
		};
		EA356EDF2756282900026247 /* Cosmetics */ = {
			isa = PBXGroup;
			children = (
				EA356F022756330C00026247 /* SupportingFiles */,
				EA356F062756339700026247 /* Services */,
				EA356F052756338300026247 /* Models */,
				EA356F01275632F900026247 /* Views */,
				EA356EFE275632B200026247 /* ViewControllers */,
				EA356EFF275632CB00026247 /* Storyboards */,
				EA356F00275632DD00026247 /* Sourse */,
			);
			path = Cosmetics;
			sourceTree = "<group>";
		};
		EA356EFE275632B200026247 /* ViewControllers */ = {
			isa = PBXGroup;
			children = (
				EA356EFA27562BBB00026247 /* MakeUpListViewController.swift */,
				EA356EFC27562CC800026247 /* DetailViewController.swift */,
			);
			path = ViewControllers;
			sourceTree = "<group>";
		};
		EA356EFF275632CB00026247 /* Storyboards */ = {
			isa = PBXGroup;
			children = (
				EA356EF42756288D00026247 /* Main.storyboard */,
				EA356EEB2756282A00026247 /* LaunchScreen.storyboard */,
			);
			path = Storyboards;
			sourceTree = "<group>";
		};
		EA356F00275632DD00026247 /* Sourse */ = {
			isa = PBXGroup;
			children = (
				EA356EE92756282A00026247 /* Assets.xcassets */,
			);
			path = Sourse;
			sourceTree = "<group>";
		};
		EA356F01275632F900026247 /* Views */ = {
			isa = PBXGroup;
			children = (
				EA356EF627562ABE00026247 /* CustomTableViewCell.swift */,
			);
			path = Views;
			sourceTree = "<group>";
		};
		EA356F022756330C00026247 /* SupportingFiles */ = {
			isa = PBXGroup;
			children = (
				EA356EE02756282900026247 /* AppDelegate.swift */,
				EA356EE22756282900026247 /* SceneDelegate.swift */,
				EA356EEE2756282A00026247 /* Info.plist */,
			);
			path = SupportingFiles;
			sourceTree = "<group>";
		};
		EA356F052756338300026247 /* Models */ = {
			isa = PBXGroup;
			children = (
				EA356F032756337D00026247 /* Cosmetics.swift */,
			);
			path = Models;
			sourceTree = "<group>";
		};
		EA356F062756339700026247 /* Services */ = {
			isa = PBXGroup;
			children = (
				EA356EF827562B2D00026247 /* NetworkManager.swift */,
			);
			path = Services;
			sourceTree = "<group>";
		};
/* End PBXGroup section */

/* Begin PBXNativeTarget section */
		EA356EDC2756282900026247 /* Cosmetics */ = {
			isa = PBXNativeTarget;
			buildConfigurationList = EA356EF12756282A00026247 /* Build configuration list for PBXNativeTarget "Cosmetics" */;
			buildPhases = (
				079CF6DD0125C7D61D5B1B30 /* [CP] Check Pods Manifest.lock */,
				EA356ED92756282900026247 /* Sources */,
				EA356EDA2756282900026247 /* Frameworks */,
				EA356EDB2756282900026247 /* Resources */,
				20E70FFD7DE713429A6B0386 /* [CP] Embed Pods Frameworks */,
			);
			buildRules = (
			);
			dependencies = (
			);
			name = Cosmetics;
			productName = Cosmetics;
			productReference = EA356EDD2756282900026247 /* Cosmetics.app */;
			productType = "com.apple.product-type.application";
		};
/* End PBXNativeTarget section */

/* Begin PBXProject section */
		EA356ED52756282900026247 /* Project object */ = {
			isa = PBXProject;
			attributes = {
				BuildIndependentTargetsInParallel = 1;
				LastSwiftUpdateCheck = 1310;
				LastUpgradeCheck = 1310;
				TargetAttributes = {
					EA356EDC2756282900026247 = {
						CreatedOnToolsVersion = 13.1;
					};
				};
			};
			buildConfigurationList = EA356ED82756282900026247 /* Build configuration list for PBXProject "Cosmetics" */;
			compatibilityVersion = "Xcode 13.0";
			developmentRegion = en;
			hasScannedForEncodings = 0;
			knownRegions = (
				en,
				Base,
			);
			mainGroup = EA356ED42756282900026247;
			productRefGroup = EA356EDE2756282900026247 /* Products */;
			projectDirPath = "";
			projectRoot = "";
			targets = (
				EA356EDC2756282900026247 /* Cosmetics */,
			);
		};
/* End PBXProject section */

/* Begin PBXResourcesBuildPhase section */
		EA356EDB2756282900026247 /* Resources */ = {
			isa = PBXResourcesBuildPhase;
			buildActionMask = 2147483647;
			files = (
				EA356EF52756288D00026247 /* Main.storyboard in Resources */,
				EA356EED2756282A00026247 /* LaunchScreen.storyboard in Resources */,
				EA356EEA2756282A00026247 /* Assets.xcassets in Resources */,
			);
			runOnlyForDeploymentPostprocessing = 0;
		};
/* End PBXResourcesBuildPhase section */

/* Begin PBXShellScriptBuildPhase section */
		079CF6DD0125C7D61D5B1B30 /* [CP] Check Pods Manifest.lock */ = {
			isa = PBXShellScriptBuildPhase;
			buildActionMask = 2147483647;
			files = (
			);
			inputFileListPaths = (
			);
			inputPaths = (
				"${PODS_PODFILE_DIR_PATH}/Podfile.lock",
				"${PODS_ROOT}/Manifest.lock",
			);
			name = "[CP] Check Pods Manifest.lock";
			outputFileListPaths = (
			);
			outputPaths = (
				"$(DERIVED_FILE_DIR)/Pods-Cosmetics-checkManifestLockResult.txt",
			);
			runOnlyForDeploymentPostprocessing = 0;
			shellPath = /bin/sh;
			shellScript = "diff \"${PODS_PODFILE_DIR_PATH}/Podfile.lock\" \"${PODS_ROOT}/Manifest.lock\" > /dev/null\nif [ $? != 0 ] ; then\n    # print error to STDERR\n    echo \"error: The sandbox is not in sync with the Podfile.lock. Run 'pod install' or update your CocoaPods installation.\" >&2\n    exit 1\nfi\n# This output is used by Xcode 'outputs' to avoid re-running this script phase.\necho \"SUCCESS\" > \"${SCRIPT_OUTPUT_FILE_0}\"\n";
			showEnvVarsInLog = 0;
		};
		20E70FFD7DE713429A6B0386 /* [CP] Embed Pods Frameworks */ = {
			isa = PBXShellScriptBuildPhase;
			buildActionMask = 2147483647;
			files = (
			);
			inputFileListPaths = (
				"${PODS_ROOT}/Target Support Files/Pods-Cosmetics/Pods-Cosmetics-frameworks-${CONFIGURATION}-input-files.xcfilelist",
			);
			name = "[CP] Embed Pods Frameworks";
			outputFileListPaths = (
				"${PODS_ROOT}/Target Support Files/Pods-Cosmetics/Pods-Cosmetics-frameworks-${CONFIGURATION}-output-files.xcfilelist",
			);
			runOnlyForDeploymentPostprocessing = 0;
			shellPath = /bin/sh;
			shellScript = "\"${PODS_ROOT}/Target Support Files/Pods-Cosmetics/Pods-Cosmetics-frameworks.sh\"\n";
			showEnvVarsInLog = 0;
		};
/* End PBXShellScriptBuildPhase section */

/* Begin PBXSourcesBuildPhase section */
		EA356ED92756282900026247 /* Sources */ = {
			isa = PBXSourcesBuildPhase;
			buildActionMask = 2147483647;
			files = (
				EA356EF927562B2D00026247 /* NetworkManager.swift in Sources */,
				EA356EE12756282900026247 /* AppDelegate.swift in Sources */,
				EA356EF727562ABE00026247 /* CustomTableViewCell.swift in Sources */,
				EA356EFD27562CC800026247 /* DetailViewController.swift in Sources */,
				EA356F042756337D00026247 /* Cosmetics.swift in Sources */,
				EA356EFB27562BBB00026247 /* MakeUpListViewController.swift in Sources */,
				EA356EE32756282900026247 /* SceneDelegate.swift in Sources */,
			);
			runOnlyForDeploymentPostprocessing = 0;
		};
/* End PBXSourcesBuildPhase section */

/* Begin PBXVariantGroup section */
		EA356EEB2756282A00026247 /* LaunchScreen.storyboard */ = {
			isa = PBXVariantGroup;
			children = (
				EA356EEC2756282A00026247 /* Base */,
			);
			name = LaunchScreen.storyboard;
			sourceTree = "<group>";
		};
/* End PBXVariantGroup section */

/* Begin XCBuildConfiguration section */
		EA356EEF2756282A00026247 /* Debug */ = {
			isa = XCBuildConfiguration;
			buildSettings = {
				ALWAYS_SEARCH_USER_PATHS = NO;
				CLANG_ANALYZER_NONNULL = YES;
				CLANG_ANALYZER_NUMBER_OBJECT_CONVERSION = YES_AGGRESSIVE;
				CLANG_CXX_LANGUAGE_STANDARD = "gnu++17";
				CLANG_CXX_LIBRARY = "libc++";
				CLANG_ENABLE_MODULES = YES;
				CLANG_ENABLE_OBJC_ARC = YES;
				CLANG_ENABLE_OBJC_WEAK = YES;
				CLANG_WARN_BLOCK_CAPTURE_AUTORELEASING = YES;
				CLANG_WARN_BOOL_CONVERSION = YES;
				CLANG_WARN_COMMA = YES;
				CLANG_WARN_CONSTANT_CONVERSION = YES;
				CLANG_WARN_DEPRECATED_OBJC_IMPLEMENTATIONS = YES;
				CLANG_WARN_DIRECT_OBJC_ISA_USAGE = YES_ERROR;
				CLANG_WARN_DOCUMENTATION_COMMENTS = YES;
				CLANG_WARN_EMPTY_BODY = YES;
				CLANG_WARN_ENUM_CONVERSION = YES;
				CLANG_WARN_INFINITE_RECURSION = YES;
				CLANG_WARN_INT_CONVERSION = YES;
				CLANG_WARN_NON_LITERAL_NULL_CONVERSION = YES;
				CLANG_WARN_OBJC_IMPLICIT_RETAIN_SELF = YES;
				CLANG_WARN_OBJC_LITERAL_CONVERSION = YES;
				CLANG_WARN_OBJC_ROOT_CLASS = YES_ERROR;
				CLANG_WARN_QUOTED_INCLUDE_IN_FRAMEWORK_HEADER = YES;
				CLANG_WARN_RANGE_LOOP_ANALYSIS = YES;
				CLANG_WARN_STRICT_PROTOTYPES = YES;
				CLANG_WARN_SUSPICIOUS_MOVE = YES;
				CLANG_WARN_UNGUARDED_AVAILABILITY = YES_AGGRESSIVE;
				CLANG_WARN_UNREACHABLE_CODE = YES;
				CLANG_WARN__DUPLICATE_METHOD_MATCH = YES;
				COPY_PHASE_STRIP = NO;
				DEBUG_INFORMATION_FORMAT = dwarf;
				ENABLE_STRICT_OBJC_MSGSEND = YES;
				ENABLE_TESTABILITY = YES;
				GCC_C_LANGUAGE_STANDARD = gnu11;
				GCC_DYNAMIC_NO_PIC = NO;
				GCC_NO_COMMON_BLOCKS = YES;
				GCC_OPTIMIZATION_LEVEL = 0;
				GCC_PREPROCESSOR_DEFINITIONS = (
					"DEBUG=1",
					"$(inherited)",
				);
				GCC_WARN_64_TO_32_BIT_CONVERSION = YES;
				GCC_WARN_ABOUT_RETURN_TYPE = YES_ERROR;
				GCC_WARN_UNDECLARED_SELECTOR = YES;
				GCC_WARN_UNINITIALIZED_AUTOS = YES_AGGRESSIVE;
				GCC_WARN_UNUSED_FUNCTION = YES;
				GCC_WARN_UNUSED_VARIABLE = YES;
				IPHONEOS_DEPLOYMENT_TARGET = 15.0;
				MTL_ENABLE_DEBUG_INFO = INCLUDE_SOURCE;
				MTL_FAST_MATH = YES;
				ONLY_ACTIVE_ARCH = YES;
				SDKROOT = iphoneos;
				SWIFT_ACTIVE_COMPILATION_CONDITIONS = DEBUG;
				SWIFT_OPTIMIZATION_LEVEL = "-Onone";
			};
			name = Debug;
		};
		EA356EF02756282A00026247 /* Release */ = {
			isa = XCBuildConfiguration;
			buildSettings = {
				ALWAYS_SEARCH_USER_PATHS = NO;
				CLANG_ANALYZER_NONNULL = YES;
				CLANG_ANALYZER_NUMBER_OBJECT_CONVERSION = YES_AGGRESSIVE;
				CLANG_CXX_LANGUAGE_STANDARD = "gnu++17";
				CLANG_CXX_LIBRARY = "libc++";
				CLANG_ENABLE_MODULES = YES;
				CLANG_ENABLE_OBJC_ARC = YES;
				CLANG_ENABLE_OBJC_WEAK = YES;
				CLANG_WARN_BLOCK_CAPTURE_AUTORELEASING = YES;
				CLANG_WARN_BOOL_CONVERSION = YES;
				CLANG_WARN_COMMA = YES;
				CLANG_WARN_CONSTANT_CONVERSION = YES;
				CLANG_WARN_DEPRECATED_OBJC_IMPLEMENTATIONS = YES;
				CLANG_WARN_DIRECT_OBJC_ISA_USAGE = YES_ERROR;
				CLANG_WARN_DOCUMENTATION_COMMENTS = YES;
				CLANG_WARN_EMPTY_BODY = YES;
				CLANG_WARN_ENUM_CONVERSION = YES;
				CLANG_WARN_INFINITE_RECURSION = YES;
				CLANG_WARN_INT_CONVERSION = YES;
				CLANG_WARN_NON_LITERAL_NULL_CONVERSION = YES;
				CLANG_WARN_OBJC_IMPLICIT_RETAIN_SELF = YES;
				CLANG_WARN_OBJC_LITERAL_CONVERSION = YES;
				CLANG_WARN_OBJC_ROOT_CLASS = YES_ERROR;
				CLANG_WARN_QUOTED_INCLUDE_IN_FRAMEWORK_HEADER = YES;
				CLANG_WARN_RANGE_LOOP_ANALYSIS = YES;
				CLANG_WARN_STRICT_PROTOTYPES = YES;
				CLANG_WARN_SUSPICIOUS_MOVE = YES;
				CLANG_WARN_UNGUARDED_AVAILABILITY = YES_AGGRESSIVE;
				CLANG_WARN_UNREACHABLE_CODE = YES;
				CLANG_WARN__DUPLICATE_METHOD_MATCH = YES;
				COPY_PHASE_STRIP = NO;
				DEBUG_INFORMATION_FORMAT = "dwarf-with-dsym";
				ENABLE_NS_ASSERTIONS = NO;
				ENABLE_STRICT_OBJC_MSGSEND = YES;
				GCC_C_LANGUAGE_STANDARD = gnu11;
				GCC_NO_COMMON_BLOCKS = YES;
				GCC_WARN_64_TO_32_BIT_CONVERSION = YES;
				GCC_WARN_ABOUT_RETURN_TYPE = YES_ERROR;
				GCC_WARN_UNDECLARED_SELECTOR = YES;
				GCC_WARN_UNINITIALIZED_AUTOS = YES_AGGRESSIVE;
				GCC_WARN_UNUSED_FUNCTION = YES;
				GCC_WARN_UNUSED_VARIABLE = YES;
				IPHONEOS_DEPLOYMENT_TARGET = 15.0;
				MTL_ENABLE_DEBUG_INFO = NO;
				MTL_FAST_MATH = YES;
				SDKROOT = iphoneos;
				SWIFT_COMPILATION_MODE = wholemodule;
				SWIFT_OPTIMIZATION_LEVEL = "-O";
				VALIDATE_PRODUCT = YES;
			};
			name = Release;
		};
		EA356EF22756282A00026247 /* Debug */ = {
			isa = XCBuildConfiguration;
			baseConfigurationReference = AA4AC7D777A9F4A24D4464CB /* Pods-Cosmetics.debug.xcconfig */;
			buildSettings = {
				ASSETCATALOG_COMPILER_APPICON_NAME = AppIcon;
				ASSETCATALOG_COMPILER_GLOBAL_ACCENT_COLOR_NAME = AccentColor;
				CODE_SIGN_STYLE = Automatic;
				CURRENT_PROJECT_VERSION = 1;
				DEVELOPMENT_TEAM = 2V3Q6RCHJL;
				GENERATE_INFOPLIST_FILE = YES;
				INFOPLIST_FILE = Cosmetics/SupportingFiles/Info.plist;
				INFOPLIST_KEY_UIApplicationSupportsIndirectInputEvents = YES;
				INFOPLIST_KEY_UILaunchStoryboardName = LaunchScreen;
				INFOPLIST_KEY_UIMainStoryboardFile = Main;
				INFOPLIST_KEY_UISupportedInterfaceOrientations_iPad = "UIInterfaceOrientationPortrait UIInterfaceOrientationPortraitUpsideDown UIInterfaceOrientationLandscapeLeft UIInterfaceOrientationLandscapeRight";
				INFOPLIST_KEY_UISupportedInterfaceOrientations_iPhone = "UIInterfaceOrientationPortrait UIInterfaceOrientationLandscapeLeft UIInterfaceOrientationLandscapeRight";
				LD_RUNPATH_SEARCH_PATHS = (
					"$(inherited)",
					"@executable_path/Frameworks",
				);
				MARKETING_VERSION = 1.0;
				PRODUCT_BUNDLE_IDENTIFIER = swift.Cosmetics;
				PRODUCT_NAME = "$(TARGET_NAME)";
				SWIFT_EMIT_LOC_STRINGS = YES;
				SWIFT_VERSION = 5.0;
				TARGETED_DEVICE_FAMILY = 1;
			};
			name = Debug;
		};
		EA356EF32756282A00026247 /* Release */ = {
			isa = XCBuildConfiguration;
			baseConfigurationReference = 9AC0926E7681A27F211233B8 /* Pods-Cosmetics.release.xcconfig */;
			buildSettings = {
				ASSETCATALOG_COMPILER_APPICON_NAME = AppIcon;
				ASSETCATALOG_COMPILER_GLOBAL_ACCENT_COLOR_NAME = AccentColor;
				CODE_SIGN_STYLE = Automatic;
				CURRENT_PROJECT_VERSION = 1;
				DEVELOPMENT_TEAM = 2V3Q6RCHJL;
				GENERATE_INFOPLIST_FILE = YES;
				INFOPLIST_FILE = Cosmetics/SupportingFiles/Info.plist;
				INFOPLIST_KEY_UIApplicationSupportsIndirectInputEvents = YES;
				INFOPLIST_KEY_UILaunchStoryboardName = LaunchScreen;
				INFOPLIST_KEY_UIMainStoryboardFile = Main;
				INFOPLIST_KEY_UISupportedInterfaceOrientations_iPad = "UIInterfaceOrientationPortrait UIInterfaceOrientationPortraitUpsideDown UIInterfaceOrientationLandscapeLeft UIInterfaceOrientationLandscapeRight";
				INFOPLIST_KEY_UISupportedInterfaceOrientations_iPhone = "UIInterfaceOrientationPortrait UIInterfaceOrientationLandscapeLeft UIInterfaceOrientationLandscapeRight";
				LD_RUNPATH_SEARCH_PATHS = (
					"$(inherited)",
					"@executable_path/Frameworks",
				);
				MARKETING_VERSION = 1.0;
				PRODUCT_BUNDLE_IDENTIFIER = swift.Cosmetics;
				PRODUCT_NAME = "$(TARGET_NAME)";
				SWIFT_EMIT_LOC_STRINGS = YES;
				SWIFT_VERSION = 5.0;
				TARGETED_DEVICE_FAMILY = 1;
			};
			name = Release;
		};
/* End XCBuildConfiguration section */

/* Begin XCConfigurationList section */
		EA356ED82756282900026247 /* Build configuration list for PBXProject "Cosmetics" */ = {
			isa = XCConfigurationList;
			buildConfigurations = (
				EA356EEF2756282A00026247 /* Debug */,
				EA356EF02756282A00026247 /* Release */,
			);
			defaultConfigurationIsVisible = 0;
			defaultConfigurationName = Release;
		};
		EA356EF12756282A00026247 /* Build configuration list for PBXNativeTarget "Cosmetics" */ = {
			isa = XCConfigurationList;
			buildConfigurations = (
				EA356EF22756282A00026247 /* Debug */,
				EA356EF32756282A00026247 /* Release */,
			);
			defaultConfigurationIsVisible = 0;
			defaultConfigurationName = Release;
		};
/* End XCConfigurationList section */
	};
	rootObject = EA356ED52756282900026247 /* Project object */;
}
